
Microsoft Visual Studio Solution File, Format Version 12.00
# Visual Studio Version 17
VisualStudioVersion = 17.14.36705.20
MinimumVisualStudioVersion = 10.0.40219.1
Project("{FAE04EC0-301F-11D3-BF4B-00C04F79EFBC}") = "CitiesManager.WebAPI", "CitiesManager.Web\CitiesManager.WebAPI.csproj", "{3764D39F-E125-4EFF-B83B-23F4CAFC18E3}"
EndProject
Project("{FAE04EC0-301F-11D3-BF4B-00C04F79EFBC}") = "CitiesManager.Core", "CitiesManager.Core\CitiesManager.Core.csproj", "{FDDE35A6-151B-4C15-8FFC-804AF6183E08}"
EndProject
Project("{2150E333-8FDC-42A3-9474-1A3956D46DE8}") = "src", "src", "{02EA681E-C7D8-13C7-8484-4AC65E1B71E8}"
EndProject
Project("{FAE04EC0-301F-11D3-BF4B-00C04F79EFBC}") = "CitiesManager.Infrastructure", "CitiesManager.Infrastructure\CitiesManager.Infrastructure.csproj", "{F8A0B317-549A-4366-AC84-6DA516D3F912}"
EndProject
Global
	GlobalSection(SolutionConfigurationPlatforms) = preSolution
		Debug|Any CPU = Debug|Any CPU
		Release|Any CPU = Release|Any CPU
	EndGlobalSection
	GlobalSection(ProjectConfigurationPlatforms) = postSolution
		{3764D39F-E125-4EFF-B83B-23F4CAFC18E3}.Debug|Any CPU.ActiveCfg = Debug|Any CPU
		{3764D39F-E125-4EFF-B83B-23F4CAFC18E3}.Debug|Any CPU.Build.0 = Debug|Any CPU
		{3764D39F-E125-4EFF-B83B-23F4CAFC18E3}.Release|Any CPU.ActiveCfg = Release|Any CPU
		{3764D39F-E125-4EFF-B83B-23F4CAFC18E3}.Release|Any CPU.Build.0 = Release|Any CPU
		{FDDE35A6-151B-4C15-8FFC-804AF6183E08}.Debug|Any CPU.ActiveCfg = Debug|Any CPU
		{FDDE35A6-151B-4C15-8FFC-804AF6183E08}.Debug|Any CPU.Build.0 = Debug|Any CPU
		{FDDE35A6-151B-4C15-8FFC-804AF6183E08}.Release|Any CPU.ActiveCfg = Release|Any CPU
		{FDDE35A6-151B-4C15-8FFC-804AF6183E08}.Release|Any CPU.Build.0 = Release|Any CPU
		{F8A0B317-549A-4366-AC84-6DA516D3F912}.Debug|Any CPU.ActiveCfg = Debug|Any CPU
		{F8A0B317-549A-4366-AC84-6DA516D3F912}.Debug|Any CPU.Build.0 = Debug|Any CPU
		{F8A0B317-549A-4366-AC84-6DA516D3F912}.Release|Any CPU.ActiveCfg = Release|Any CPU
		{F8A0B317-549A-4366-AC84-6DA516D3F912}.Release|Any CPU.Build.0 = Release|Any CPU
	EndGlobalSection
	GlobalSection(SolutionProperties) = preSolution
		HideSolutionNode = FALSE
	EndGlobalSection
	GlobalSection(NestedProjects) = preSolution
		{3764D39F-E125-4EFF-B83B-23F4CAFC18E3} = {02EA681E-C7D8-13C7-8484-4AC65E1B71E8}
		{FDDE35A6-151B-4C15-8FFC-804AF6183E08} = {02EA681E-C7D8-13C7-8484-4AC65E1B71E8}
		{F8A0B317-549A-4366-AC84-6DA516D3F912} = {02EA681E-C7D8-13C7-8484-4AC65E1B71E8}
	EndGlobalSection
	GlobalSection(ExtensibilityGlobals) = postSolution
		SolutionGuid = {765E2F79-579C-4F53-B827-C68A0BECCD7A}
	EndGlobalSection
EndGlobal
